// !$*UTF8*$!
{
	archiveVersion = 1;
	classes = {
	};
	objectVersion = 55;
	objects = {

/* Begin PBXBuildFile section */
		FABC46A029117E42008120A9 /* AppDelegate.swift in Sources */ = {isa = PBXBuildFile; fileRef = FABC469F29117E42008120A9 /* AppDelegate.swift */; };
		FABC46A229117E42008120A9 /* SceneDelegate.swift in Sources */ = {isa = PBXBuildFile; fileRef = FABC46A129117E42008120A9 /* SceneDelegate.swift */; };
		FABC46A429117E42008120A9 /* ViewController.swift in Sources */ = {isa = PBXBuildFile; fileRef = FABC46A329117E42008120A9 /* ViewController.swift */; };
		FABC46A729117E42008120A9 /* Main.storyboard in Resources */ = {isa = PBXBuildFile; fileRef = FABC46A529117E42008120A9 /* Main.storyboard */; };
		FABC46A929117E44008120A9 /* Assets.xcassets in Resources */ = {isa = PBXBuildFile; fileRef = FABC46A829117E44008120A9 /* Assets.xcassets */; };
		FABC46AC29117E44008120A9 /* LaunchScreen.storyboard in Resources */ = {isa = PBXBuildFile; fileRef = FABC46AA29117E44008120A9 /* LaunchScreen.storyboard */; };
		FABC46B429119510008120A9 /* RecordWhistleViewController.swift in Sources */ = {isa = PBXBuildFile; fileRef = FABC46B32911950F008120A9 /* RecordWhistleViewController.swift */; };
		FABC46B62912D88B008120A9 /* SelectGenreViewController.swift in Sources */ = {isa = PBXBuildFile; fileRef = FABC46B52912D88B008120A9 /* SelectGenreViewController.swift */; };
		FABC46B82912DAC1008120A9 /* AddCommentsViewController.swift in Sources */ = {isa = PBXBuildFile; fileRef = FABC46B72912DAC1008120A9 /* AddCommentsViewController.swift */; };
		FABC46BA2912DD92008120A9 /* SubmitViewController.swift in Sources */ = {isa = PBXBuildFile; fileRef = FABC46B92912DD92008120A9 /* SubmitViewController.swift */; };
		FABC46BE2912E4F1008120A9 /* CloudKit.framework in Frameworks */ = {isa = PBXBuildFile; fileRef = FABC46BD2912E4F1008120A9 /* CloudKit.framework */; };
/* End PBXBuildFile section */

/* Begin PBXFileReference section */
		FABC469C29117E42008120A9 /* Musical whistle.app */ = {isa = PBXFileReference; explicitFileType = wrapper.application; includeInIndex = 0; path = "Musical whistle.app"; sourceTree = BUILT_PRODUCTS_DIR; };
		FABC469F29117E42008120A9 /* AppDelegate.swift */ = {isa = PBXFileReference; lastKnownFileType = sourcecode.swift; path = AppDelegate.swift; sourceTree = "<group>"; };
		FABC46A129117E42008120A9 /* SceneDelegate.swift */ = {isa = PBXFileReference; lastKnownFileType = sourcecode.swift; path = SceneDelegate.swift; sourceTree = "<group>"; };
		FABC46A329117E42008120A9 /* ViewController.swift */ = {isa = PBXFileReference; lastKnownFileType = sourcecode.swift; path = ViewController.swift; sourceTree = "<group>"; };
		FABC46A629117E42008120A9 /* Base */ = {isa = PBXFileReference; lastKnownFileType = file.storyboard; name = Base; path = Base.lproj/Main.storyboard; sourceTree = "<group>"; };
		FABC46A829117E44008120A9 /* Assets.xcassets */ = {isa = PBXFileReference; lastKnownFileType = folder.assetcatalog; path = Assets.xcassets; sourceTree = "<group>"; };
		FABC46AB29117E44008120A9 /* Base */ = {isa = PBXFileReference; lastKnownFileType = file.storyboard; name = Base; path = Base.lproj/LaunchScreen.storyboard; sourceTree = "<group>"; };
		FABC46AD29117E44008120A9 /* Info.plist */ = {isa = PBXFileReference; lastKnownFileType = text.plist.xml; path = Info.plist; sourceTree = "<group>"; };
		FABC46B32911950F008120A9 /* RecordWhistleViewController.swift */ = {isa = PBXFileReference; lastKnownFileType = sourcecode.swift; path = RecordWhistleViewController.swift; sourceTree = "<group>"; };
		FABC46B52912D88B008120A9 /* SelectGenreViewController.swift */ = {isa = PBXFileReference; lastKnownFileType = sourcecode.swift; path = SelectGenreViewController.swift; sourceTree = "<group>"; };
		FABC46B72912DAC1008120A9 /* AddCommentsViewController.swift */ = {isa = PBXFileReference; lastKnownFileType = sourcecode.swift; path = AddCommentsViewController.swift; sourceTree = "<group>"; };
		FABC46B92912DD92008120A9 /* SubmitViewController.swift */ = {isa = PBXFileReference; lastKnownFileType = sourcecode.swift; path = SubmitViewController.swift; sourceTree = "<group>"; };
		FABC46BB2912E4AD008120A9 /* Musical whistle.entitlements */ = {isa = PBXFileReference; lastKnownFileType = text.plist.entitlements; path = "Musical whistle.entitlements"; sourceTree = "<group>"; };
		FABC46BD2912E4F1008120A9 /* CloudKit.framework */ = {isa = PBXFileReference; lastKnownFileType = wrapper.framework; name = CloudKit.framework; path = System/Library/Frameworks/CloudKit.framework; sourceTree = SDKROOT; };
/* End PBXFileReference section */

/* Begin PBXFrameworksBuildPhase section */
		FABC469929117E42008120A9 /* Frameworks */ = {
			isa = PBXFrameworksBuildPhase;
			buildActionMask = 2147483647;
			files = (
				FABC46BE2912E4F1008120A9 /* CloudKit.framework in Frameworks */,
			);
			runOnlyForDeploymentPostprocessing = 0;
		};
/* End PBXFrameworksBuildPhase section */

/* Begin PBXGroup section */
		FABC469329117E42008120A9 = {
			isa = PBXGroup;
			children = (
				FABC469E29117E42008120A9 /* Musical whistle */,
				FABC469D29117E42008120A9 /* Products */,
				FABC46BC2912E4F1008120A9 /* Frameworks */,
			);
			sourceTree = "<group>";
		};
		FABC469D29117E42008120A9 /* Products */ = {
			isa = PBXGroup;
			children = (
				FABC469C29117E42008120A9 /* Musical whistle.app */,
			);
			name = Products;
			sourceTree = "<group>";
		};
		FABC469E29117E42008120A9 /* Musical whistle */ = {
			isa = PBXGroup;
			children = (
				FABC46BB2912E4AD008120A9 /* Musical whistle.entitlements */,
				FABC469F29117E42008120A9 /* AppDelegate.swift */,
				FABC46B32911950F008120A9 /* RecordWhistleViewController.swift */,
				FABC46B72912DAC1008120A9 /* AddCommentsViewController.swift */,
				FABC46B92912DD92008120A9 /* SubmitViewController.swift */,
				FABC46A129117E42008120A9 /* SceneDelegate.swift */,
				FABC46A329117E42008120A9 /* ViewController.swift */,
				FABC46A529117E42008120A9 /* Main.storyboard */,
				FABC46A829117E44008120A9 /* Assets.xcassets */,
				FABC46AA29117E44008120A9 /* LaunchScreen.storyboard */,
				FABC46AD29117E44008120A9 /* Info.plist */,
				FABC46B52912D88B008120A9 /* SelectGenreViewController.swift */,
			);
			path = "Musical whistle";
			sourceTree = "<group>";
		};
		FABC46BC2912E4F1008120A9 /* Frameworks */ = {
			isa = PBXGroup;
			children = (
				FABC46BD2912E4F1008120A9 /* CloudKit.framework */,
			);
			name = Frameworks;
			sourceTree = "<group>";
		};
/* End PBXGroup section */

/* Begin PBXNativeTarget section */
		FABC469B29117E42008120A9 /* Musical whistle */ = {
			isa = PBXNativeTarget;
			buildConfigurationList = FABC46B029117E44008120A9 /* Build configuration list for PBXNativeTarget "Musical whistle" */;
			buildPhases = (
				FABC469829117E42008120A9 /* Sources */,
				FABC469929117E42008120A9 /* Frameworks */,
				FABC469A29117E42008120A9 /* Resources */,
			);
			buildRules = (
			);
			dependencies = (
			);
			name = "Musical whistle";
			productName = "Musical whistle";
			productReference = FABC469C29117E42008120A9 /* Musical whistle.app */;
			productType = "com.apple.product-type.application";
		};
/* End PBXNativeTarget section */

/* Begin PBXProject section */
		FABC469429117E42008120A9 /* Project object */ = {
			isa = PBXProject;
			attributes = {
				BuildIndependentTargetsInParallel = 1;
				LastSwiftUpdateCheck = 1340;
				LastUpgradeCheck = 1340;
				TargetAttributes = {
					FABC469B29117E42008120A9 = {
						CreatedOnToolsVersion = 13.4.1;
					};
				};
			};
			buildConfigurationList = FABC469729117E42008120A9 /* Build configuration list for PBXProject "Musical whistle" */;
			compatibilityVersion = "Xcode 13.0";
			developmentRegion = en;
			hasScannedForEncodings = 0;
			knownRegions = (
				en,
				Base,
			);
			mainGroup = FABC469329117E42008120A9;
			productRefGroup = FABC469D29117E42008120A9 /* Products */;
			projectDirPath = "";
			projectRoot = "";
			targets = (
				FABC469B29117E42008120A9 /* Musical whistle */,
			);
		};
/* End PBXProject section */

/* Begin PBXResourcesBuildPhase section */
		FABC469A29117E42008120A9 /* Resources */ = {
			isa = PBXResourcesBuildPhase;
			buildActionMask = 2147483647;
			files = (
				FABC46AC29117E44008120A9 /* LaunchScreen.storyboard in Resources */,
				FABC46A929117E44008120A9 /* Assets.xcassets in Resources */,
				FABC46A729117E42008120A9 /* Main.storyboard in Resources */,
			);
			runOnlyForDeploymentPostprocessing = 0;
		};
/* End PBXResourcesBuildPhase section */

/* Begin PBXSourcesBuildPhase section */
		FABC469829117E42008120A9 /* Sources */ = {
			isa = PBXSourcesBuildPhase;
			buildActionMask = 2147483647;
			files = (
				FABC46BA2912DD92008120A9 /* SubmitViewController.swift in Sources */,
				FABC46A429117E42008120A9 /* ViewController.swift in Sources */,
				FABC46A029117E42008120A9 /* AppDelegate.swift in Sources */,
				FABC46B62912D88B008120A9 /* SelectGenreViewController.swift in Sources */,
				FABC46B429119510008120A9 /* RecordWhistleViewController.swift in Sources */,
				FABC46B82912DAC1008120A9 /* AddCommentsViewController.swift in Sources */,
				FABC46A229117E42008120A9 /* SceneDelegate.swift in Sources */,
			);
			runOnlyForDeploymentPostprocessing = 0;
		};
/* End PBXSourcesBuildPhase section */

/* Begin PBXVariantGroup section */
		FABC46A529117E42008120A9 /* Main.storyboard */ = {
			isa = PBXVariantGroup;
			children = (
				FABC46A629117E42008120A9 /* Base */,
			);
			name = Main.storyboard;
			sourceTree = "<group>";
		};
		FABC46AA29117E44008120A9 /* LaunchScreen.storyboard */ = {
			isa = PBXVariantGroup;
			children = (
				FABC46AB29117E44008120A9 /* Base */,
			);
			name = LaunchScreen.storyboard;
			sourceTree = "<group>";
		};
/* End PBXVariantGroup section */

/* Begin XCBuildConfiguration section */
		FABC46AE29117E44008120A9 /* Debug */ = {
			isa = XCBuildConfiguration;
			buildSettings = {
				ALWAYS_SEARCH_USER_PATHS = NO;
				CLANG_ANALYZER_NONNULL = YES;
				CLANG_ANALYZER_NUMBER_OBJECT_CONVERSION = YES_AGGRESSIVE;
				CLANG_CXX_LANGUAGE_STANDARD = "gnu++17";
				CLANG_ENABLE_MODULES = YES;
				CLANG_ENABLE_OBJC_ARC = YES;
				CLANG_ENABLE_OBJC_WEAK = YES;
				CLANG_WARN_BLOCK_CAPTURE_AUTORELEASING = YES;
				CLANG_WARN_BOOL_CONVERSION = YES;
				CLANG_WARN_COMMA = YES;
				CLANG_WARN_CONSTANT_CONVERSION = YES;
				CLANG_WARN_DEPRECATED_OBJC_IMPLEMENTATIONS = YES;
				CLANG_WARN_DIRECT_OBJC_ISA_USAGE = YES_ERROR;
				CLANG_WARN_DOCUMENTATION_COMMENTS = YES;
				CLANG_WARN_EMPTY_BODY = YES;
				CLANG_WARN_ENUM_CONVERSION = YES;
				CLANG_WARN_INFINITE_RECURSION = YES;
				CLANG_WARN_INT_CONVERSION = YES;
				CLANG_WARN_NON_LITERAL_NULL_CONVERSION = YES;
				CLANG_WARN_OBJC_IMPLICIT_RETAIN_SELF = YES;
				CLANG_WARN_OBJC_LITERAL_CONVERSION = YES;
				CLANG_WARN_OBJC_ROOT_CLASS = YES_ERROR;
				CLANG_WARN_QUOTED_INCLUDE_IN_FRAMEWORK_HEADER = YES;
				CLANG_WARN_RANGE_LOOP_ANALYSIS = YES;
				CLANG_WARN_STRICT_PROTOTYPES = YES;
				CLANG_WARN_SUSPICIOUS_MOVE = YES;
				CLANG_WARN_UNGUARDED_AVAILABILITY = YES_AGGRESSIVE;
				CLANG_WARN_UNREACHABLE_CODE = YES;
				CLANG_WARN__DUPLICATE_METHOD_MATCH = YES;
				COPY_PHASE_STRIP = NO;
				DEBUG_INFORMATION_FORMAT = dwarf;
				ENABLE_STRICT_OBJC_MSGSEND = YES;
				ENABLE_TESTABILITY = YES;
				GCC_C_LANGUAGE_STANDARD = gnu11;
				GCC_DYNAMIC_NO_PIC = NO;
				GCC_NO_COMMON_BLOCKS = YES;
				GCC_OPTIMIZATION_LEVEL = 0;
				GCC_PREPROCESSOR_DEFINITIONS = (
					"DEBUG=1",
					"$(inherited)",
				);
				GCC_WARN_64_TO_32_BIT_CONVERSION = YES;
				GCC_WARN_ABOUT_RETURN_TYPE = YES_ERROR;
				GCC_WARN_UNDECLARED_SELECTOR = YES;
				GCC_WARN_UNINITIALIZED_AUTOS = YES_AGGRESSIVE;
				GCC_WARN_UNUSED_FUNCTION = YES;
				GCC_WARN_UNUSED_VARIABLE = YES;
				IPHONEOS_DEPLOYMENT_TARGET = 15.5;
				MTL_ENABLE_DEBUG_INFO = INCLUDE_SOURCE;
				MTL_FAST_MATH = YES;
				ONLY_ACTIVE_ARCH = YES;
				SDKROOT = iphoneos;
				SWIFT_ACTIVE_COMPILATION_CONDITIONS = DEBUG;
				SWIFT_OPTIMIZATION_LEVEL = "-Onone";
			};
			name = Debug;
		};
		FABC46AF29117E44008120A9 /* Release */ = {
			isa = XCBuildConfiguration;
			buildSettings = {
				ALWAYS_SEARCH_USER_PATHS = NO;
				CLANG_ANALYZER_NONNULL = YES;
				CLANG_ANALYZER_NUMBER_OBJECT_CONVERSION = YES_AGGRESSIVE;
				CLANG_CXX_LANGUAGE_STANDARD = "gnu++17";
				CLANG_ENABLE_MODULES = YES;
				CLANG_ENABLE_OBJC_ARC = YES;
				CLANG_ENABLE_OBJC_WEAK = YES;
				CLANG_WARN_BLOCK_CAPTURE_AUTORELEASING = YES;
				CLANG_WARN_BOOL_CONVERSION = YES;
				CLANG_WARN_COMMA = YES;
				CLANG_WARN_CONSTANT_CONVERSION = YES;
				CLANG_WARN_DEPRECATED_OBJC_IMPLEMENTATIONS = YES;
				CLANG_WARN_DIRECT_OBJC_ISA_USAGE = YES_ERROR;
				CLANG_WARN_DOCUMENTATION_COMMENTS = YES;
				CLANG_WARN_EMPTY_BODY = YES;
				CLANG_WARN_ENUM_CONVERSION = YES;
				CLANG_WARN_INFINITE_RECURSION = YES;
				CLANG_WARN_INT_CONVERSION = YES;
				CLANG_WARN_NON_LITERAL_NULL_CONVERSION = YES;
				CLANG_WARN_OBJC_IMPLICIT_RETAIN_SELF = YES;
				CLANG_WARN_OBJC_LITERAL_CONVERSION = YES;
				CLANG_WARN_OBJC_ROOT_CLASS = YES_ERROR;
				CLANG_WARN_QUOTED_INCLUDE_IN_FRAMEWORK_HEADER = YES;
				CLANG_WARN_RANGE_LOOP_ANALYSIS = YES;
				CLANG_WARN_STRICT_PROTOTYPES = YES;
				CLANG_WARN_SUSPICIOUS_MOVE = YES;
				CLANG_WARN_UNGUARDED_AVAILABILITY = YES_AGGRESSIVE;
				CLANG_WARN_UNREACHABLE_CODE = YES;
				CLANG_WARN__DUPLICATE_METHOD_MATCH = YES;
				COPY_PHASE_STRIP = NO;
				DEBUG_INFORMATION_FORMAT = "dwarf-with-dsym";
				ENABLE_NS_ASSERTIONS = NO;
				ENABLE_STRICT_OBJC_MSGSEND = YES;
				GCC_C_LANGUAGE_STANDARD = gnu11;
				GCC_NO_COMMON_BLOCKS = YES;
				GCC_WARN_64_TO_32_BIT_CONVERSION = YES;
				GCC_WARN_ABOUT_RETURN_TYPE = YES_ERROR;
				GCC_WARN_UNDECLARED_SELECTOR = YES;
				GCC_WARN_UNINITIALIZED_AUTOS = YES_AGGRESSIVE;
				GCC_WARN_UNUSED_FUNCTION = YES;
				GCC_WARN_UNUSED_VARIABLE = YES;
				IPHONEOS_DEPLOYMENT_TARGET = 15.5;
				MTL_ENABLE_DEBUG_INFO = NO;
				MTL_FAST_MATH = YES;
				SDKROOT = iphoneos;
				SWIFT_COMPILATION_MODE = wholemodule;
				SWIFT_OPTIMIZATION_LEVEL = "-O";
				VALIDATE_PRODUCT = YES;
			};
			name = Release;
		};
		FABC46B129117E44008120A9 /* Debug */ = {
			isa = XCBuildConfiguration;
			buildSettings = {
				ASSETCATALOG_COMPILER_APPICON_NAME = AppIcon;
				ASSETCATALOG_COMPILER_GLOBAL_ACCENT_COLOR_NAME = AccentColor;
				CODE_SIGN_ENTITLEMENTS = "Musical whistle/Musical whistle.entitlements";
				CODE_SIGN_STYLE = Automatic;
				CURRENT_PROJECT_VERSION = 1;
				DEVELOPMENT_TEAM = 35G4HNR3DN;
				GENERATE_INFOPLIST_FILE = YES;
				INFOPLIST_FILE = "Musical whistle/Info.plist";
				INFOPLIST_KEY_NSMicrophoneUsageDescription = "We need to record your whistle";
				INFOPLIST_KEY_UIApplicationSupportsIndirectInputEvents = YES;
				INFOPLIST_KEY_UILaunchStoryboardName = LaunchScreen;
				INFOPLIST_KEY_UIMainStoryboardFile = Main;
				INFOPLIST_KEY_UISupportedInterfaceOrientations_iPad = "UIInterfaceOrientationPortrait UIInterfaceOrientationPortraitUpsideDown UIInterfaceOrientationLandscapeLeft UIInterfaceOrientationLandscapeRight";
				INFOPLIST_KEY_UISupportedInterfaceOrientations_iPhone = "UIInterfaceOrientationPortrait UIInterfaceOrientationLandscapeLeft UIInterfaceOrientationLandscapeRight";
				LD_RUNPATH_SEARCH_PATHS = (
					"$(inherited)",
					"@executable_path/Frameworks",
				);
				MARKETING_VERSION = 1.0;
				PRODUCT_BUNDLE_IDENTIFIER = "com.tuator.Musical-whistle";
				PRODUCT_NAME = "$(TARGET_NAME)";
				SWIFT_EMIT_LOC_STRINGS = YES;
				SWIFT_VERSION = 5.0;
				TARGETED_DEVICE_FAMILY = "1,2";
			};
			name = Debug;
		};
		FABC46B229117E44008120A9 /* Release */ = {
			isa = XCBuildConfiguration;
			buildSettings = {
				ASSETCATALOG_COMPILER_APPICON_NAME = AppIcon;
				ASSETCATALOG_COMPILER_GLOBAL_ACCENT_COLOR_NAME = AccentColor;
				CODE_SIGN_ENTITLEMENTS = "Musical whistle/Musical whistle.entitlements";
				CODE_SIGN_STYLE = Automatic;
				CURRENT_PROJECT_VERSION = 1;
				DEVELOPMENT_TEAM = 35G4HNR3DN;
				GENERATE_INFOPLIST_FILE = YES;
				INFOPLIST_FILE = "Musical whistle/Info.plist";
				INFOPLIST_KEY_NSMicrophoneUsageDescription = "We need to record your whistle";
				INFOPLIST_KEY_UIApplicationSupportsIndirectInputEvents = YES;
				INFOPLIST_KEY_UILaunchStoryboardName = LaunchScreen;
				INFOPLIST_KEY_UIMainStoryboardFile = Main;
				INFOPLIST_KEY_UISupportedInterfaceOrientations_iPad = "UIInterfaceOrientationPortrait UIInterfaceOrientationPortraitUpsideDown UIInterfaceOrientationLandscapeLeft UIInterfaceOrientationLandscapeRight";
				INFOPLIST_KEY_UISupportedInterfaceOrientations_iPhone = "UIInterfaceOrientationPortrait UIInterfaceOrientationLandscapeLeft UIInterfaceOrientationLandscapeRight";
				LD_RUNPATH_SEARCH_PATHS = (
					"$(inherited)",
					"@executable_path/Frameworks",
				);
				MARKETING_VERSION = 1.0;
				PRODUCT_BUNDLE_IDENTIFIER = "com.tuator.Musical-whistle";
				PRODUCT_NAME = "$(TARGET_NAME)";
				SWIFT_EMIT_LOC_STRINGS = YES;
				SWIFT_VERSION = 5.0;
				TARGETED_DEVICE_FAMILY = "1,2";
			};
			name = Release;
		};
/* End XCBuildConfiguration section */

/* Begin XCConfigurationList section */
		FABC469729117E42008120A9 /* Build configuration list for PBXProject "Musical whistle" */ = {
			isa = XCConfigurationList;
			buildConfigurations = (
				FABC46AE29117E44008120A9 /* Debug */,
				FABC46AF29117E44008120A9 /* Release */,
			);
			defaultConfigurationIsVisible = 0;
			defaultConfigurationName = Release;
		};
		FABC46B029117E44008120A9 /* Build configuration list for PBXNativeTarget "Musical whistle" */ = {
			isa = XCConfigurationList;
			buildConfigurations = (
				FABC46B129117E44008120A9 /* Debug */,
				FABC46B229117E44008120A9 /* Release */,
			);
			defaultConfigurationIsVisible = 0;
			defaultConfigurationName = Release;
		};
/* End XCConfigurationList section */
	};
	rootObject = FABC469429117E42008120A9 /* Project object */;
}
